
Microsoft Visual Studio Solution File, Format Version 12.00
# Visual Studio Version 17
VisualStudioVersion = 17.4.33205.214
MinimumVisualStudioVersion = 10.0.40219.1
Project("{9A19103F-16F7-4668-BE54-9A1E7A4F7556}") = "CircusTrain2", "CircusTrainGUI\CircusTrain2.csproj", "{9564A058-A2E5-4E6F-8376-9F41DF1ABE4D}"
EndProject
Project("{9A19103F-16F7-4668-BE54-9A1E7A4F7556}") = "CircusTrainLibrary", "CircusTrainLibrary\CircusTrainLibrary.csproj", "{E1F6B1BB-BB2B-4E73-89AB-4B4C2BE1224A}"
EndProject
Project("{9A19103F-16F7-4668-BE54-9A1E7A4F7556}") = "CircusTrainTest", "CircusTrainTest\CircusTrainTest.csproj", "{C54D902A-51B1-48A7-A5B1-61EFCFC589F2}"
EndProject
Global
	GlobalSection(SolutionConfigurationPlatforms) = preSolution
		Debug|Any CPU = Debug|Any CPU
		Release|Any CPU = Release|Any CPU
	EndGlobalSection
	GlobalSection(ProjectConfigurationPlatforms) = postSolution
		{9564A058-A2E5-4E6F-8376-9F41DF1ABE4D}.Debug|Any CPU.ActiveCfg = Debug|Any CPU
		{9564A058-A2E5-4E6F-8376-9F41DF1ABE4D}.Debug|Any CPU.Build.0 = Debug|Any CPU
		{9564A058-A2E5-4E6F-8376-9F41DF1ABE4D}.Release|Any CPU.ActiveCfg = Release|Any CPU
		{9564A058-A2E5-4E6F-8376-9F41DF1ABE4D}.Release|Any CPU.Build.0 = Release|Any CPU
		{E1F6B1BB-BB2B-4E73-89AB-4B4C2BE1224A}.Debug|Any CPU.ActiveCfg = Debug|Any CPU
		{E1F6B1BB-BB2B-4E73-89AB-4B4C2BE1224A}.Debug|Any CPU.Build.0 = Debug|Any CPU
		{E1F6B1BB-BB2B-4E73-89AB-4B4C2BE1224A}.Release|Any CPU.ActiveCfg = Release|Any CPU
		{E1F6B1BB-BB2B-4E73-89AB-4B4C2BE1224A}.Release|Any CPU.Build.0 = Release|Any CPU
		{C54D902A-51B1-48A7-A5B1-61EFCFC589F2}.Debug|Any CPU.ActiveCfg = Debug|Any CPU
		{C54D902A-51B1-48A7-A5B1-61EFCFC589F2}.Debug|Any CPU.Build.0 = Debug|Any CPU
		{C54D902A-51B1-48A7-A5B1-61EFCFC589F2}.Release|Any CPU.ActiveCfg = Release|Any CPU
		{C54D902A-51B1-48A7-A5B1-61EFCFC589F2}.Release|Any CPU.Build.0 = Release|Any CPU
	EndGlobalSection
	GlobalSection(SolutionProperties) = preSolution
		HideSolutionNode = FALSE
	EndGlobalSection
	GlobalSection(ExtensibilityGlobals) = postSolution
		SolutionGuid = {8944F97B-2F30-4440-A01F-EE10F47BEAF4}
	EndGlobalSection
EndGlobal
