
Microsoft Visual Studio Solution File, Format Version 12.00
# Visual Studio Version 17
VisualStudioVersion = 17.4.33205.214
MinimumVisualStudioVersion = 10.0.40219.1
Project("{9A19103F-16F7-4668-BE54-9A1E7A4F7556}") = "CircusTrain2", "CircusTrain2\CircusTrain2.csproj", "{C90ABD6C-6BBD-4B72-A86B-CF9A86A557C4}"
	ProjectSection(ProjectDependencies) = postProject
		{02459026-21D5-45B9-A3E5-59FA78F222A8} = {02459026-21D5-45B9-A3E5-59FA78F222A8}
	EndProjectSection
EndProject
Project("{9A19103F-16F7-4668-BE54-9A1E7A4F7556}") = "CircusTrainLibrary", "CircusTrain\CircusTrainLibrary.csproj", "{02459026-21D5-45B9-A3E5-59FA78F222A8}"
EndProject
Project("{FAE04EC0-301F-11D3-BF4B-00C04F79EFBC}") = "CircusTrainTest", "CircusTrainTest\CircusTrainTest.csproj", "{1680AF11-A3C1-4BE1-BF86-2B095A35C863}"
	ProjectSection(ProjectDependencies) = postProject
		{02459026-21D5-45B9-A3E5-59FA78F222A8} = {02459026-21D5-45B9-A3E5-59FA78F222A8}
	EndProjectSection
EndProject
Global
	GlobalSection(SolutionConfigurationPlatforms) = preSolution
		Debug|Any CPU = Debug|Any CPU
		Release|Any CPU = Release|Any CPU
	EndGlobalSection
	GlobalSection(ProjectConfigurationPlatforms) = postSolution
		{C90ABD6C-6BBD-4B72-A86B-CF9A86A557C4}.Debug|Any CPU.ActiveCfg = Debug|Any CPU
		{C90ABD6C-6BBD-4B72-A86B-CF9A86A557C4}.Debug|Any CPU.Build.0 = Debug|Any CPU
		{C90ABD6C-6BBD-4B72-A86B-CF9A86A557C4}.Release|Any CPU.ActiveCfg = Release|Any CPU
		{C90ABD6C-6BBD-4B72-A86B-CF9A86A557C4}.Release|Any CPU.Build.0 = Release|Any CPU
		{02459026-21D5-45B9-A3E5-59FA78F222A8}.Debug|Any CPU.ActiveCfg = Debug|Any CPU
		{02459026-21D5-45B9-A3E5-59FA78F222A8}.Debug|Any CPU.Build.0 = Debug|Any CPU
		{02459026-21D5-45B9-A3E5-59FA78F222A8}.Release|Any CPU.ActiveCfg = Release|Any CPU
		{02459026-21D5-45B9-A3E5-59FA78F222A8}.Release|Any CPU.Build.0 = Release|Any CPU
		{1680AF11-A3C1-4BE1-BF86-2B095A35C863}.Debug|Any CPU.ActiveCfg = Debug|Any CPU
		{1680AF11-A3C1-4BE1-BF86-2B095A35C863}.Debug|Any CPU.Build.0 = Debug|Any CPU
		{1680AF11-A3C1-4BE1-BF86-2B095A35C863}.Release|Any CPU.ActiveCfg = Release|Any CPU
		{1680AF11-A3C1-4BE1-BF86-2B095A35C863}.Release|Any CPU.Build.0 = Release|Any CPU
	EndGlobalSection
	GlobalSection(SolutionProperties) = preSolution
		HideSolutionNode = FALSE
	EndGlobalSection
	GlobalSection(ExtensibilityGlobals) = postSolution
		SolutionGuid = {8944F97B-2F30-4440-A01F-EE10F47BEAF4}
	EndGlobalSection
EndGlobal
